// !$*UTF8*$!
{
	archiveVersion = 1;
	classes = {
	};
	objectVersion = 50;
	objects = {

/* Begin PBXBuildFile section */
		9A59C3F5257834EE0053E989 /* ADNCeibaApp.swift in Sources */ = {isa = PBXBuildFile; fileRef = 9A59C3F4257834EE0053E989 /* ADNCeibaApp.swift */; };
		9A59C3F7257834EE0053E989 /* ContentView.swift in Sources */ = {isa = PBXBuildFile; fileRef = 9A59C3F6257834EE0053E989 /* ContentView.swift */; };
		9A59C3F9257834F30053E989 /* Assets.xcassets in Resources */ = {isa = PBXBuildFile; fileRef = 9A59C3F8257834F30053E989 /* Assets.xcassets */; };
		9A59C3FC257834F30053E989 /* Preview Assets.xcassets in Resources */ = {isa = PBXBuildFile; fileRef = 9A59C3FB257834F30053E989 /* Preview Assets.xcassets */; };
		9A59C407257834F40053E989 /* ADNCeibaTests.swift in Sources */ = {isa = PBXBuildFile; fileRef = 9A59C406257834F40053E989 /* ADNCeibaTests.swift */; };
		9A59C412257834F40053E989 /* ADNCeibaUITests.swift in Sources */ = {isa = PBXBuildFile; fileRef = 9A59C411257834F40053E989 /* ADNCeibaUITests.swift */; };
/* End PBXBuildFile section */

/* Begin PBXContainerItemProxy section */
		9A59C403257834F40053E989 /* PBXContainerItemProxy */ = {
			isa = PBXContainerItemProxy;
			containerPortal = 9A59C3E9257834EE0053E989 /* Project object */;
			proxyType = 1;
			remoteGlobalIDString = 9A59C3F0257834EE0053E989;
			remoteInfo = ADNCeiba;
		};
		9A59C40E257834F40053E989 /* PBXContainerItemProxy */ = {
			isa = PBXContainerItemProxy;
			containerPortal = 9A59C3E9257834EE0053E989 /* Project object */;
			proxyType = 1;
			remoteGlobalIDString = 9A59C3F0257834EE0053E989;
			remoteInfo = ADNCeiba;
		};
/* End PBXContainerItemProxy section */

/* Begin PBXFileReference section */
		9A59C3F1257834EE0053E989 /* ADNCeiba.app */ = {isa = PBXFileReference; explicitFileType = wrapper.application; includeInIndex = 0; path = ADNCeiba.app; sourceTree = BUILT_PRODUCTS_DIR; };
		9A59C3F4257834EE0053E989 /* ADNCeibaApp.swift */ = {isa = PBXFileReference; lastKnownFileType = sourcecode.swift; path = ADNCeibaApp.swift; sourceTree = "<group>"; };
		9A59C3F6257834EE0053E989 /* ContentView.swift */ = {isa = PBXFileReference; lastKnownFileType = sourcecode.swift; path = ContentView.swift; sourceTree = "<group>"; };
		9A59C3F8257834F30053E989 /* Assets.xcassets */ = {isa = PBXFileReference; lastKnownFileType = folder.assetcatalog; path = Assets.xcassets; sourceTree = "<group>"; };
		9A59C3FB257834F30053E989 /* Preview Assets.xcassets */ = {isa = PBXFileReference; lastKnownFileType = folder.assetcatalog; path = "Preview Assets.xcassets"; sourceTree = "<group>"; };
		9A59C3FD257834F30053E989 /* Info.plist */ = {isa = PBXFileReference; lastKnownFileType = text.plist.xml; path = Info.plist; sourceTree = "<group>"; };
		9A59C402257834F40053E989 /* ADNCeibaTests.xctest */ = {isa = PBXFileReference; explicitFileType = wrapper.cfbundle; includeInIndex = 0; path = ADNCeibaTests.xctest; sourceTree = BUILT_PRODUCTS_DIR; };
		9A59C406257834F40053E989 /* ADNCeibaTests.swift */ = {isa = PBXFileReference; lastKnownFileType = sourcecode.swift; path = ADNCeibaTests.swift; sourceTree = "<group>"; };
		9A59C408257834F40053E989 /* Info.plist */ = {isa = PBXFileReference; lastKnownFileType = text.plist.xml; path = Info.plist; sourceTree = "<group>"; };
		9A59C40D257834F40053E989 /* ADNCeibaUITests.xctest */ = {isa = PBXFileReference; explicitFileType = wrapper.cfbundle; includeInIndex = 0; path = ADNCeibaUITests.xctest; sourceTree = BUILT_PRODUCTS_DIR; };
		9A59C411257834F40053E989 /* ADNCeibaUITests.swift */ = {isa = PBXFileReference; lastKnownFileType = sourcecode.swift; path = ADNCeibaUITests.swift; sourceTree = "<group>"; };
		9A59C413257834F40053E989 /* Info.plist */ = {isa = PBXFileReference; lastKnownFileType = text.plist.xml; path = Info.plist; sourceTree = "<group>"; };
/* End PBXFileReference section */

/* Begin PBXFrameworksBuildPhase section */
		9A59C3EE257834EE0053E989 /* Frameworks */ = {
			isa = PBXFrameworksBuildPhase;
			buildActionMask = 2147483647;
			files = (
			);
			runOnlyForDeploymentPostprocessing = 0;
		};
		9A59C3FF257834F40053E989 /* Frameworks */ = {
			isa = PBXFrameworksBuildPhase;
			buildActionMask = 2147483647;
			files = (
			);
			runOnlyForDeploymentPostprocessing = 0;
		};
		9A59C40A257834F40053E989 /* Frameworks */ = {
			isa = PBXFrameworksBuildPhase;
			buildActionMask = 2147483647;
			files = (
			);
			runOnlyForDeploymentPostprocessing = 0;
		};
/* End PBXFrameworksBuildPhase section */

/* Begin PBXGroup section */
		9A59C3E8257834EE0053E989 = {
			isa = PBXGroup;
			children = (
				9A59C3F3257834EE0053E989 /* ADNCeiba */,
				9A59C405257834F40053E989 /* ADNCeibaTests */,
				9A59C410257834F40053E989 /* ADNCeibaUITests */,
				9A59C3F2257834EE0053E989 /* Products */,
			);
			sourceTree = "<group>";
		};
		9A59C3F2257834EE0053E989 /* Products */ = {
			isa = PBXGroup;
			children = (
				9A59C3F1257834EE0053E989 /* ADNCeiba.app */,
				9A59C402257834F40053E989 /* ADNCeibaTests.xctest */,
				9A59C40D257834F40053E989 /* ADNCeibaUITests.xctest */,
			);
			name = Products;
			sourceTree = "<group>";
		};
		9A59C3F3257834EE0053E989 /* ADNCeiba */ = {
			isa = PBXGroup;
			children = (
				9A59C3F4257834EE0053E989 /* ADNCeibaApp.swift */,
				9A59C3F6257834EE0053E989 /* ContentView.swift */,
				9A59C3F8257834F30053E989 /* Assets.xcassets */,
				9A59C3FD257834F30053E989 /* Info.plist */,
				9A59C3FA257834F30053E989 /* Preview Content */,
			);
			path = ADNCeiba;
			sourceTree = "<group>";
		};
		9A59C3FA257834F30053E989 /* Preview Content */ = {
			isa = PBXGroup;
			children = (
				9A59C3FB257834F30053E989 /* Preview Assets.xcassets */,
			);
			path = "Preview Content";
			sourceTree = "<group>";
		};
		9A59C405257834F40053E989 /* ADNCeibaTests */ = {
			isa = PBXGroup;
			children = (
				9A59C406257834F40053E989 /* ADNCeibaTests.swift */,
				9A59C408257834F40053E989 /* Info.plist */,
			);
			path = ADNCeibaTests;
			sourceTree = "<group>";
		};
		9A59C410257834F40053E989 /* ADNCeibaUITests */ = {
			isa = PBXGroup;
			children = (
				9A59C411257834F40053E989 /* ADNCeibaUITests.swift */,
				9A59C413257834F40053E989 /* Info.plist */,
			);
			path = ADNCeibaUITests;
			sourceTree = "<group>";
		};
/* End PBXGroup section */

/* Begin PBXNativeTarget section */
		9A59C3F0257834EE0053E989 /* ADNCeiba */ = {
			isa = PBXNativeTarget;
			buildConfigurationList = 9A59C416257834F40053E989 /* Build configuration list for PBXNativeTarget "ADNCeiba" */;
			buildPhases = (
				9A59C3ED257834EE0053E989 /* Sources */,
				9A59C3EE257834EE0053E989 /* Frameworks */,
				9A59C3EF257834EE0053E989 /* Resources */,
			);
			buildRules = (
			);
			dependencies = (
			);
			name = ADNCeiba;
			productName = ADNCeiba;
			productReference = 9A59C3F1257834EE0053E989 /* ADNCeiba.app */;
			productType = "com.apple.product-type.application";
		};
		9A59C401257834F40053E989 /* ADNCeibaTests */ = {
			isa = PBXNativeTarget;
			buildConfigurationList = 9A59C419257834F40053E989 /* Build configuration list for PBXNativeTarget "ADNCeibaTests" */;
			buildPhases = (
				9A59C3FE257834F40053E989 /* Sources */,
				9A59C3FF257834F40053E989 /* Frameworks */,
				9A59C400257834F40053E989 /* Resources */,
			);
			buildRules = (
			);
			dependencies = (
				9A59C404257834F40053E989 /* PBXTargetDependency */,
			);
			name = ADNCeibaTests;
			productName = ADNCeibaTests;
			productReference = 9A59C402257834F40053E989 /* ADNCeibaTests.xctest */;
			productType = "com.apple.product-type.bundle.unit-test";
		};
		9A59C40C257834F40053E989 /* ADNCeibaUITests */ = {
			isa = PBXNativeTarget;
			buildConfigurationList = 9A59C41C257834F40053E989 /* Build configuration list for PBXNativeTarget "ADNCeibaUITests" */;
			buildPhases = (
				9A59C409257834F40053E989 /* Sources */,
				9A59C40A257834F40053E989 /* Frameworks */,
				9A59C40B257834F40053E989 /* Resources */,
			);
			buildRules = (
			);
			dependencies = (
				9A59C40F257834F40053E989 /* PBXTargetDependency */,
			);
			name = ADNCeibaUITests;
			productName = ADNCeibaUITests;
			productReference = 9A59C40D257834F40053E989 /* ADNCeibaUITests.xctest */;
			productType = "com.apple.product-type.bundle.ui-testing";
		};
/* End PBXNativeTarget section */

/* Begin PBXProject section */
		9A59C3E9257834EE0053E989 /* Project object */ = {
			isa = PBXProject;
			attributes = {
				LastSwiftUpdateCheck = 1220;
				LastUpgradeCheck = 1220;
				TargetAttributes = {
					9A59C3F0257834EE0053E989 = {
						CreatedOnToolsVersion = 12.2;
					};
					9A59C401257834F40053E989 = {
						CreatedOnToolsVersion = 12.2;
						TestTargetID = 9A59C3F0257834EE0053E989;
					};
					9A59C40C257834F40053E989 = {
						CreatedOnToolsVersion = 12.2;
						TestTargetID = 9A59C3F0257834EE0053E989;
					};
				};
			};
			buildConfigurationList = 9A59C3EC257834EE0053E989 /* Build configuration list for PBXProject "ADNCeiba" */;
			compatibilityVersion = "Xcode 9.3";
			developmentRegion = en;
			hasScannedForEncodings = 0;
			knownRegions = (
				en,
				Base,
			);
			mainGroup = 9A59C3E8257834EE0053E989;
			productRefGroup = 9A59C3F2257834EE0053E989 /* Products */;
			projectDirPath = "";
			projectRoot = "";
			targets = (
				9A59C3F0257834EE0053E989 /* ADNCeiba */,
				9A59C401257834F40053E989 /* ADNCeibaTests */,
				9A59C40C257834F40053E989 /* ADNCeibaUITests */,
			);
		};
/* End PBXProject section */

/* Begin PBXResourcesBuildPhase section */
		9A59C3EF257834EE0053E989 /* Resources */ = {
			isa = PBXResourcesBuildPhase;
			buildActionMask = 2147483647;
			files = (
				9A59C3FC257834F30053E989 /* Preview Assets.xcassets in Resources */,
				9A59C3F9257834F30053E989 /* Assets.xcassets in Resources */,
			);
			runOnlyForDeploymentPostprocessing = 0;
		};
		9A59C400257834F40053E989 /* Resources */ = {
			isa = PBXResourcesBuildPhase;
			buildActionMask = 2147483647;
			files = (
			);
			runOnlyForDeploymentPostprocessing = 0;
		};
		9A59C40B257834F40053E989 /* Resources */ = {
			isa = PBXResourcesBuildPhase;
			buildActionMask = 2147483647;
			files = (
			);
			runOnlyForDeploymentPostprocessing = 0;
		};
/* End PBXResourcesBuildPhase section */

/* Begin PBXSourcesBuildPhase section */
		9A59C3ED257834EE0053E989 /* Sources */ = {
			isa = PBXSourcesBuildPhase;
			buildActionMask = 2147483647;
			files = (
				9A59C3F7257834EE0053E989 /* ContentView.swift in Sources */,
				9A59C3F5257834EE0053E989 /* ADNCeibaApp.swift in Sources */,
			);
			runOnlyForDeploymentPostprocessing = 0;
		};
		9A59C3FE257834F40053E989 /* Sources */ = {
			isa = PBXSourcesBuildPhase;
			buildActionMask = 2147483647;
			files = (
				9A59C407257834F40053E989 /* ADNCeibaTests.swift in Sources */,
			);
			runOnlyForDeploymentPostprocessing = 0;
		};
		9A59C409257834F40053E989 /* Sources */ = {
			isa = PBXSourcesBuildPhase;
			buildActionMask = 2147483647;
			files = (
				9A59C412257834F40053E989 /* ADNCeibaUITests.swift in Sources */,
			);
			runOnlyForDeploymentPostprocessing = 0;
		};
/* End PBXSourcesBuildPhase section */

/* Begin PBXTargetDependency section */
		9A59C404257834F40053E989 /* PBXTargetDependency */ = {
			isa = PBXTargetDependency;
			target = 9A59C3F0257834EE0053E989 /* ADNCeiba */;
			targetProxy = 9A59C403257834F40053E989 /* PBXContainerItemProxy */;
		};
		9A59C40F257834F40053E989 /* PBXTargetDependency */ = {
			isa = PBXTargetDependency;
			target = 9A59C3F0257834EE0053E989 /* ADNCeiba */;
			targetProxy = 9A59C40E257834F40053E989 /* PBXContainerItemProxy */;
		};
/* End PBXTargetDependency section */

/* Begin XCBuildConfiguration section */
		9A59C414257834F40053E989 /* Debug */ = {
			isa = XCBuildConfiguration;
			buildSettings = {
				ALWAYS_SEARCH_USER_PATHS = NO;
				CLANG_ANALYZER_NONNULL = YES;
				CLANG_ANALYZER_NUMBER_OBJECT_CONVERSION = YES_AGGRESSIVE;
				CLANG_CXX_LANGUAGE_STANDARD = "gnu++14";
				CLANG_CXX_LIBRARY = "libc++";
				CLANG_ENABLE_MODULES = YES;
				CLANG_ENABLE_OBJC_ARC = YES;
				CLANG_ENABLE_OBJC_WEAK = YES;
				CLANG_WARN_BLOCK_CAPTURE_AUTORELEASING = YES;
				CLANG_WARN_BOOL_CONVERSION = YES;
				CLANG_WARN_COMMA = YES;
				CLANG_WARN_CONSTANT_CONVERSION = YES;
				CLANG_WARN_DEPRECATED_OBJC_IMPLEMENTATIONS = YES;
				CLANG_WARN_DIRECT_OBJC_ISA_USAGE = YES_ERROR;
				CLANG_WARN_DOCUMENTATION_COMMENTS = YES;
				CLANG_WARN_EMPTY_BODY = YES;
				CLANG_WARN_ENUM_CONVERSION = YES;
				CLANG_WARN_INFINITE_RECURSION = YES;
				CLANG_WARN_INT_CONVERSION = YES;
				CLANG_WARN_NON_LITERAL_NULL_CONVERSION = YES;
				CLANG_WARN_OBJC_IMPLICIT_RETAIN_SELF = YES;
				CLANG_WARN_OBJC_LITERAL_CONVERSION = YES;
				CLANG_WARN_OBJC_ROOT_CLASS = YES_ERROR;
				CLANG_WARN_QUOTED_INCLUDE_IN_FRAMEWORK_HEADER = YES;
				CLANG_WARN_RANGE_LOOP_ANALYSIS = YES;
				CLANG_WARN_STRICT_PROTOTYPES = YES;
				CLANG_WARN_SUSPICIOUS_MOVE = YES;
				CLANG_WARN_UNGUARDED_AVAILABILITY = YES_AGGRESSIVE;
				CLANG_WARN_UNREACHABLE_CODE = YES;
				CLANG_WARN__DUPLICATE_METHOD_MATCH = YES;
				COPY_PHASE_STRIP = NO;
				DEBUG_INFORMATION_FORMAT = dwarf;
				ENABLE_STRICT_OBJC_MSGSEND = YES;
				ENABLE_TESTABILITY = YES;
				GCC_C_LANGUAGE_STANDARD = gnu11;
				GCC_DYNAMIC_NO_PIC = NO;
				GCC_NO_COMMON_BLOCKS = YES;
				GCC_OPTIMIZATION_LEVEL = 0;
				GCC_PREPROCESSOR_DEFINITIONS = (
					"DEBUG=1",
					"$(inherited)",
				);
				GCC_WARN_64_TO_32_BIT_CONVERSION = YES;
				GCC_WARN_ABOUT_RETURN_TYPE = YES_ERROR;
				GCC_WARN_UNDECLARED_SELECTOR = YES;
				GCC_WARN_UNINITIALIZED_AUTOS = YES_AGGRESSIVE;
				GCC_WARN_UNUSED_FUNCTION = YES;
				GCC_WARN_UNUSED_VARIABLE = YES;
				IPHONEOS_DEPLOYMENT_TARGET = 14.2;
				MTL_ENABLE_DEBUG_INFO = INCLUDE_SOURCE;
				MTL_FAST_MATH = YES;
				ONLY_ACTIVE_ARCH = YES;
				SDKROOT = iphoneos;
				SWIFT_ACTIVE_COMPILATION_CONDITIONS = DEBUG;
				SWIFT_OPTIMIZATION_LEVEL = "-Onone";
			};
			name = Debug;
		};
		9A59C415257834F40053E989 /* Release */ = {
			isa = XCBuildConfiguration;
			buildSettings = {
				ALWAYS_SEARCH_USER_PATHS = NO;
				CLANG_ANALYZER_NONNULL = YES;
				CLANG_ANALYZER_NUMBER_OBJECT_CONVERSION = YES_AGGRESSIVE;
				CLANG_CXX_LANGUAGE_STANDARD = "gnu++14";
				CLANG_CXX_LIBRARY = "libc++";
				CLANG_ENABLE_MODULES = YES;
				CLANG_ENABLE_OBJC_ARC = YES;
				CLANG_ENABLE_OBJC_WEAK = YES;
				CLANG_WARN_BLOCK_CAPTURE_AUTORELEASING = YES;
				CLANG_WARN_BOOL_CONVERSION = YES;
				CLANG_WARN_COMMA = YES;
				CLANG_WARN_CONSTANT_CONVERSION = YES;
				CLANG_WARN_DEPRECATED_OBJC_IMPLEMENTATIONS = YES;
				CLANG_WARN_DIRECT_OBJC_ISA_USAGE = YES_ERROR;
				CLANG_WARN_DOCUMENTATION_COMMENTS = YES;
				CLANG_WARN_EMPTY_BODY = YES;
				CLANG_WARN_ENUM_CONVERSION = YES;
				CLANG_WARN_INFINITE_RECURSION = YES;
				CLANG_WARN_INT_CONVERSION = YES;
				CLANG_WARN_NON_LITERAL_NULL_CONVERSION = YES;
				CLANG_WARN_OBJC_IMPLICIT_RETAIN_SELF = YES;
				CLANG_WARN_OBJC_LITERAL_CONVERSION = YES;
				CLANG_WARN_OBJC_ROOT_CLASS = YES_ERROR;
				CLANG_WARN_QUOTED_INCLUDE_IN_FRAMEWORK_HEADER = YES;
				CLANG_WARN_RANGE_LOOP_ANALYSIS = YES;
				CLANG_WARN_STRICT_PROTOTYPES = YES;
				CLANG_WARN_SUSPICIOUS_MOVE = YES;
				CLANG_WARN_UNGUARDED_AVAILABILITY = YES_AGGRESSIVE;
				CLANG_WARN_UNREACHABLE_CODE = YES;
				CLANG_WARN__DUPLICATE_METHOD_MATCH = YES;
				COPY_PHASE_STRIP = NO;
				DEBUG_INFORMATION_FORMAT = "dwarf-with-dsym";
				ENABLE_NS_ASSERTIONS = NO;
				ENABLE_STRICT_OBJC_MSGSEND = YES;
				GCC_C_LANGUAGE_STANDARD = gnu11;
				GCC_NO_COMMON_BLOCKS = YES;
				GCC_WARN_64_TO_32_BIT_CONVERSION = YES;
				GCC_WARN_ABOUT_RETURN_TYPE = YES_ERROR;
				GCC_WARN_UNDECLARED_SELECTOR = YES;
				GCC_WARN_UNINITIALIZED_AUTOS = YES_AGGRESSIVE;
				GCC_WARN_UNUSED_FUNCTION = YES;
				GCC_WARN_UNUSED_VARIABLE = YES;
				IPHONEOS_DEPLOYMENT_TARGET = 14.2;
				MTL_ENABLE_DEBUG_INFO = NO;
				MTL_FAST_MATH = YES;
				SDKROOT = iphoneos;
				SWIFT_COMPILATION_MODE = wholemodule;
				SWIFT_OPTIMIZATION_LEVEL = "-O";
				VALIDATE_PRODUCT = YES;
			};
			name = Release;
		};
		9A59C417257834F40053E989 /* Debug */ = {
			isa = XCBuildConfiguration;
			buildSettings = {
				ASSETCATALOG_COMPILER_APPICON_NAME = AppIcon;
				ASSETCATALOG_COMPILER_GLOBAL_ACCENT_COLOR_NAME = AccentColor;
				CODE_SIGN_STYLE = Automatic;
				DEVELOPMENT_ASSET_PATHS = "\"ADNCeiba/Preview Content\"";
				DEVELOPMENT_TEAM = 3Z7BVZA83R;
				ENABLE_PREVIEWS = YES;
				INFOPLIST_FILE = ADNCeiba/Info.plist;
				IPHONEOS_DEPLOYMENT_TARGET = 14.0;
				LD_RUNPATH_SEARCH_PATHS = (
					"$(inherited)",
					"@executable_path/Frameworks",
				);
				PRODUCT_BUNDLE_IDENTIFIER = MattDevs.ADNCeiba;
				PRODUCT_NAME = "$(TARGET_NAME)";
				SWIFT_VERSION = 5.0;
				TARGETED_DEVICE_FAMILY = "1,2";
			};
			name = Debug;
		};
		9A59C418257834F40053E989 /* Release */ = {
			isa = XCBuildConfiguration;
			buildSettings = {
				ASSETCATALOG_COMPILER_APPICON_NAME = AppIcon;
				ASSETCATALOG_COMPILER_GLOBAL_ACCENT_COLOR_NAME = AccentColor;
				CODE_SIGN_STYLE = Automatic;
				DEVELOPMENT_ASSET_PATHS = "\"ADNCeiba/Preview Content\"";
				DEVELOPMENT_TEAM = 3Z7BVZA83R;
				ENABLE_PREVIEWS = YES;
				INFOPLIST_FILE = ADNCeiba/Info.plist;
				IPHONEOS_DEPLOYMENT_TARGET = 14.0;
				LD_RUNPATH_SEARCH_PATHS = (
					"$(inherited)",
					"@executable_path/Frameworks",
				);
				PRODUCT_BUNDLE_IDENTIFIER = MattDevs.ADNCeiba;
				PRODUCT_NAME = "$(TARGET_NAME)";
				SWIFT_VERSION = 5.0;
				TARGETED_DEVICE_FAMILY = "1,2";
			};
			name = Release;
		};
		9A59C41A257834F40053E989 /* Debug */ = {
			isa = XCBuildConfiguration;
			buildSettings = {
				ALWAYS_EMBED_SWIFT_STANDARD_LIBRARIES = YES;
				BUNDLE_LOADER = "$(TEST_HOST)";
				CODE_SIGN_STYLE = Automatic;
				DEVELOPMENT_TEAM = 3Z7BVZA83R;
				INFOPLIST_FILE = ADNCeibaTests/Info.plist;
				IPHONEOS_DEPLOYMENT_TARGET = 14.0;
				LD_RUNPATH_SEARCH_PATHS = (
					"$(inherited)",
					"@executable_path/Frameworks",
					"@loader_path/Frameworks",
				);
				PRODUCT_BUNDLE_IDENTIFIER = MattDevs.ADNCeibaTests;
				PRODUCT_NAME = "$(TARGET_NAME)";
				SWIFT_VERSION = 5.0;
				TARGETED_DEVICE_FAMILY = "1,2";
				TEST_HOST = "$(BUILT_PRODUCTS_DIR)/ADNCeiba.app/ADNCeiba";
			};
			name = Debug;
		};
		9A59C41B257834F40053E989 /* Release */ = {
			isa = XCBuildConfiguration;
			buildSettings = {
				ALWAYS_EMBED_SWIFT_STANDARD_LIBRARIES = YES;
				BUNDLE_LOADER = "$(TEST_HOST)";
				CODE_SIGN_STYLE = Automatic;
				DEVELOPMENT_TEAM = 3Z7BVZA83R;
				INFOPLIST_FILE = ADNCeibaTests/Info.plist;
				IPHONEOS_DEPLOYMENT_TARGET = 14.0;
				LD_RUNPATH_SEARCH_PATHS = (
					"$(inherited)",
					"@executable_path/Frameworks",
					"@loader_path/Frameworks",
				);
				PRODUCT_BUNDLE_IDENTIFIER = MattDevs.ADNCeibaTests;
				PRODUCT_NAME = "$(TARGET_NAME)";
				SWIFT_VERSION = 5.0;
				TARGETED_DEVICE_FAMILY = "1,2";
				TEST_HOST = "$(BUILT_PRODUCTS_DIR)/ADNCeiba.app/ADNCeiba";
			};
			name = Release;
		};
		9A59C41D257834F40053E989 /* Debug */ = {
			isa = XCBuildConfiguration;
			buildSettings = {
				ALWAYS_EMBED_SWIFT_STANDARD_LIBRARIES = YES;
				CODE_SIGN_STYLE = Automatic;
				DEVELOPMENT_TEAM = 3Z7BVZA83R;
				INFOPLIST_FILE = ADNCeibaUITests/Info.plist;
				LD_RUNPATH_SEARCH_PATHS = (
					"$(inherited)",
					"@executable_path/Frameworks",
					"@loader_path/Frameworks",
				);
				PRODUCT_BUNDLE_IDENTIFIER = MattDevs.ADNCeibaUITests;
				PRODUCT_NAME = "$(TARGET_NAME)";
				SWIFT_VERSION = 5.0;
				TARGETED_DEVICE_FAMILY = "1,2";
				TEST_TARGET_NAME = ADNCeiba;
			};
			name = Debug;
		};
		9A59C41E257834F40053E989 /* Release */ = {
			isa = XCBuildConfiguration;
			buildSettings = {
				ALWAYS_EMBED_SWIFT_STANDARD_LIBRARIES = YES;
				CODE_SIGN_STYLE = Automatic;
				DEVELOPMENT_TEAM = 3Z7BVZA83R;
				INFOPLIST_FILE = ADNCeibaUITests/Info.plist;
				LD_RUNPATH_SEARCH_PATHS = (
					"$(inherited)",
					"@executable_path/Frameworks",
					"@loader_path/Frameworks",
				);
				PRODUCT_BUNDLE_IDENTIFIER = MattDevs.ADNCeibaUITests;
				PRODUCT_NAME = "$(TARGET_NAME)";
				SWIFT_VERSION = 5.0;
				TARGETED_DEVICE_FAMILY = "1,2";
				TEST_TARGET_NAME = ADNCeiba;
			};
			name = Release;
		};
/* End XCBuildConfiguration section */

/* Begin XCConfigurationList section */
		9A59C3EC257834EE0053E989 /* Build configuration list for PBXProject "ADNCeiba" */ = {
			isa = XCConfigurationList;
			buildConfigurations = (
				9A59C414257834F40053E989 /* Debug */,
				9A59C415257834F40053E989 /* Release */,
			);
			defaultConfigurationIsVisible = 0;
			defaultConfigurationName = Release;
		};
		9A59C416257834F40053E989 /* Build configuration list for PBXNativeTarget "ADNCeiba" */ = {
			isa = XCConfigurationList;
			buildConfigurations = (
				9A59C417257834F40053E989 /* Debug */,
				9A59C418257834F40053E989 /* Release */,
			);
			defaultConfigurationIsVisible = 0;
			defaultConfigurationName = Release;
		};
		9A59C419257834F40053E989 /* Build configuration list for PBXNativeTarget "ADNCeibaTests" */ = {
			isa = XCConfigurationList;
			buildConfigurations = (
				9A59C41A257834F40053E989 /* Debug */,
				9A59C41B257834F40053E989 /* Release */,
			);
			defaultConfigurationIsVisible = 0;
			defaultConfigurationName = Release;
		};
		9A59C41C257834F40053E989 /* Build configuration list for PBXNativeTarget "ADNCeibaUITests" */ = {
			isa = XCConfigurationList;
			buildConfigurations = (
				9A59C41D257834F40053E989 /* Debug */,
				9A59C41E257834F40053E989 /* Release */,
			);
			defaultConfigurationIsVisible = 0;
			defaultConfigurationName = Release;
		};
/* End XCConfigurationList section */
	};
	rootObject = 9A59C3E9257834EE0053E989 /* Project object */;
}
