// !$*UTF8*$!
{
	archiveVersion = 1;
	classes = {
	};
	objectVersion = 50;
	objects = {

/* Begin PBXBuildFile section */
		9A9914F52583E28E00D15ABC /* AppDelegate.swift in Sources */ = {isa = PBXBuildFile; fileRef = 9A9914F42583E28E00D15ABC /* AppDelegate.swift */; };
		9A9914F72583E28E00D15ABC /* SceneDelegate.swift in Sources */ = {isa = PBXBuildFile; fileRef = 9A9914F62583E28E00D15ABC /* SceneDelegate.swift */; };
		9A9914F92583E28E00D15ABC /* ViewController.swift in Sources */ = {isa = PBXBuildFile; fileRef = 9A9914F82583E28E00D15ABC /* ViewController.swift */; };
		9A9914FC2583E28E00D15ABC /* Main.storyboard in Resources */ = {isa = PBXBuildFile; fileRef = 9A9914FA2583E28E00D15ABC /* Main.storyboard */; };
		9A9914FE2583E29100D15ABC /* Assets.xcassets in Resources */ = {isa = PBXBuildFile; fileRef = 9A9914FD2583E29100D15ABC /* Assets.xcassets */; };
		9A9915012583E29100D15ABC /* LaunchScreen.storyboard in Resources */ = {isa = PBXBuildFile; fileRef = 9A9914FF2583E29100D15ABC /* LaunchScreen.storyboard */; };
		9A99150C2583E29100D15ABC /* PresentationTests.swift in Sources */ = {isa = PBXBuildFile; fileRef = 9A99150B2583E29100D15ABC /* PresentationTests.swift */; };
		9A9915172583E29100D15ABC /* PresentationUITests.swift in Sources */ = {isa = PBXBuildFile; fileRef = 9A9915162583E29100D15ABC /* PresentationUITests.swift */; };
		9A99154F2583F4C900D15ABC /* example.framework in Frameworks */ = {isa = PBXBuildFile; fileRef = 9A99154E2583F4C900D15ABC /* example.framework */; };
		9A9915502583F4C900D15ABC /* example.framework in Embed Frameworks */ = {isa = PBXBuildFile; fileRef = 9A99154E2583F4C900D15ABC /* example.framework */; settings = {ATTRIBUTES = (CodeSignOnCopy, RemoveHeadersOnCopy, ); }; };
/* End PBXBuildFile section */

/* Begin PBXContainerItemProxy section */
		9A9915082583E29100D15ABC /* PBXContainerItemProxy */ = {
			isa = PBXContainerItemProxy;
			containerPortal = 9A9914E92583E28D00D15ABC /* Project object */;
			proxyType = 1;
			remoteGlobalIDString = 9A9914F02583E28E00D15ABC;
			remoteInfo = Presentation;
		};
		9A9915132583E29100D15ABC /* PBXContainerItemProxy */ = {
			isa = PBXContainerItemProxy;
			containerPortal = 9A9914E92583E28D00D15ABC /* Project object */;
			proxyType = 1;
			remoteGlobalIDString = 9A9914F02583E28E00D15ABC;
			remoteInfo = Presentation;
		};
/* End PBXContainerItemProxy section */

/* Begin PBXCopyFilesBuildPhase section */
		9A9915512583F4CA00D15ABC /* Embed Frameworks */ = {
			isa = PBXCopyFilesBuildPhase;
			buildActionMask = 2147483647;
			dstPath = "";
			dstSubfolderSpec = 10;
			files = (
				9A9915502583F4C900D15ABC /* example.framework in Embed Frameworks */,
			);
			name = "Embed Frameworks";
			runOnlyForDeploymentPostprocessing = 0;
		};
/* End PBXCopyFilesBuildPhase section */

/* Begin PBXFileReference section */
		9A9914F12583E28E00D15ABC /* Presentation.app */ = {isa = PBXFileReference; explicitFileType = wrapper.application; includeInIndex = 0; path = Presentation.app; sourceTree = BUILT_PRODUCTS_DIR; };
		9A9914F42583E28E00D15ABC /* AppDelegate.swift */ = {isa = PBXFileReference; lastKnownFileType = sourcecode.swift; path = AppDelegate.swift; sourceTree = "<group>"; };
		9A9914F62583E28E00D15ABC /* SceneDelegate.swift */ = {isa = PBXFileReference; lastKnownFileType = sourcecode.swift; path = SceneDelegate.swift; sourceTree = "<group>"; };
		9A9914F82583E28E00D15ABC /* ViewController.swift */ = {isa = PBXFileReference; lastKnownFileType = sourcecode.swift; path = ViewController.swift; sourceTree = "<group>"; };
		9A9914FB2583E28E00D15ABC /* Base */ = {isa = PBXFileReference; lastKnownFileType = file.storyboard; name = Base; path = Base.lproj/Main.storyboard; sourceTree = "<group>"; };
		9A9914FD2583E29100D15ABC /* Assets.xcassets */ = {isa = PBXFileReference; lastKnownFileType = folder.assetcatalog; path = Assets.xcassets; sourceTree = "<group>"; };
		9A9915002583E29100D15ABC /* Base */ = {isa = PBXFileReference; lastKnownFileType = file.storyboard; name = Base; path = Base.lproj/LaunchScreen.storyboard; sourceTree = "<group>"; };
		9A9915022583E29100D15ABC /* Info.plist */ = {isa = PBXFileReference; lastKnownFileType = text.plist.xml; path = Info.plist; sourceTree = "<group>"; };
		9A9915072583E29100D15ABC /* PresentationTests.xctest */ = {isa = PBXFileReference; explicitFileType = wrapper.cfbundle; includeInIndex = 0; path = PresentationTests.xctest; sourceTree = BUILT_PRODUCTS_DIR; };
		9A99150B2583E29100D15ABC /* PresentationTests.swift */ = {isa = PBXFileReference; lastKnownFileType = sourcecode.swift; path = PresentationTests.swift; sourceTree = "<group>"; };
		9A99150D2583E29100D15ABC /* Info.plist */ = {isa = PBXFileReference; lastKnownFileType = text.plist.xml; path = Info.plist; sourceTree = "<group>"; };
		9A9915122583E29100D15ABC /* PresentationUITests.xctest */ = {isa = PBXFileReference; explicitFileType = wrapper.cfbundle; includeInIndex = 0; path = PresentationUITests.xctest; sourceTree = BUILT_PRODUCTS_DIR; };
		9A9915162583E29100D15ABC /* PresentationUITests.swift */ = {isa = PBXFileReference; lastKnownFileType = sourcecode.swift; path = PresentationUITests.swift; sourceTree = "<group>"; };
		9A9915182583E29100D15ABC /* Info.plist */ = {isa = PBXFileReference; lastKnownFileType = text.plist.xml; path = Info.plist; sourceTree = "<group>"; };
		9A99154E2583F4C900D15ABC /* example.framework */ = {isa = PBXFileReference; explicitFileType = wrapper.framework; path = example.framework; sourceTree = BUILT_PRODUCTS_DIR; };
/* End PBXFileReference section */

/* Begin PBXFrameworksBuildPhase section */
		9A9914EE2583E28E00D15ABC /* Frameworks */ = {
			isa = PBXFrameworksBuildPhase;
			buildActionMask = 2147483647;
			files = (
				9A99154F2583F4C900D15ABC /* example.framework in Frameworks */,
			);
			runOnlyForDeploymentPostprocessing = 0;
		};
		9A9915042583E29100D15ABC /* Frameworks */ = {
			isa = PBXFrameworksBuildPhase;
			buildActionMask = 2147483647;
			files = (
			);
			runOnlyForDeploymentPostprocessing = 0;
		};
		9A99150F2583E29100D15ABC /* Frameworks */ = {
			isa = PBXFrameworksBuildPhase;
			buildActionMask = 2147483647;
			files = (
			);
			runOnlyForDeploymentPostprocessing = 0;
		};
/* End PBXFrameworksBuildPhase section */

/* Begin PBXGroup section */
		9A9914E82583E28D00D15ABC = {
			isa = PBXGroup;
			children = (
				9A9914F32583E28E00D15ABC /* Presentation */,
				9A99150A2583E29100D15ABC /* PresentationTests */,
				9A9915152583E29100D15ABC /* PresentationUITests */,
				9A9914F22583E28E00D15ABC /* Products */,
				9A99154D2583F4C900D15ABC /* Frameworks */,
			);
			sourceTree = "<group>";
		};
		9A9914F22583E28E00D15ABC /* Products */ = {
			isa = PBXGroup;
			children = (
				9A9914F12583E28E00D15ABC /* Presentation.app */,
				9A9915072583E29100D15ABC /* PresentationTests.xctest */,
				9A9915122583E29100D15ABC /* PresentationUITests.xctest */,
			);
			name = Products;
			sourceTree = "<group>";
		};
		9A9914F32583E28E00D15ABC /* Presentation */ = {
			isa = PBXGroup;
			children = (
				9A9914F42583E28E00D15ABC /* AppDelegate.swift */,
				9A9914F62583E28E00D15ABC /* SceneDelegate.swift */,
				9A9914F82583E28E00D15ABC /* ViewController.swift */,
				9A9914FA2583E28E00D15ABC /* Main.storyboard */,
				9A9914FD2583E29100D15ABC /* Assets.xcassets */,
				9A9914FF2583E29100D15ABC /* LaunchScreen.storyboard */,
				9A9915022583E29100D15ABC /* Info.plist */,
			);
			path = Presentation;
			sourceTree = "<group>";
		};
		9A99150A2583E29100D15ABC /* PresentationTests */ = {
			isa = PBXGroup;
			children = (
				9A99150B2583E29100D15ABC /* PresentationTests.swift */,
				9A99150D2583E29100D15ABC /* Info.plist */,
			);
			path = PresentationTests;
			sourceTree = "<group>";
		};
		9A9915152583E29100D15ABC /* PresentationUITests */ = {
			isa = PBXGroup;
			children = (
				9A9915162583E29100D15ABC /* PresentationUITests.swift */,
				9A9915182583E29100D15ABC /* Info.plist */,
			);
			path = PresentationUITests;
			sourceTree = "<group>";
		};
		9A99154D2583F4C900D15ABC /* Frameworks */ = {
			isa = PBXGroup;
			children = (
				9A99154E2583F4C900D15ABC /* example.framework */,
			);
			name = Frameworks;
			sourceTree = "<group>";
		};
/* End PBXGroup section */

/* Begin PBXNativeTarget section */
		9A9914F02583E28E00D15ABC /* Presentation */ = {
			isa = PBXNativeTarget;
			buildConfigurationList = 9A99151B2583E29100D15ABC /* Build configuration list for PBXNativeTarget "Presentation" */;
			buildPhases = (
				9A9914ED2583E28E00D15ABC /* Sources */,
				9A9914EE2583E28E00D15ABC /* Frameworks */,
				9A9914EF2583E28E00D15ABC /* Resources */,
				9A9915512583F4CA00D15ABC /* Embed Frameworks */,
			);
			buildRules = (
			);
			dependencies = (
			);
			name = Presentation;
			productName = Presentation;
			productReference = 9A9914F12583E28E00D15ABC /* Presentation.app */;
			productType = "com.apple.product-type.application";
		};
		9A9915062583E29100D15ABC /* PresentationTests */ = {
			isa = PBXNativeTarget;
			buildConfigurationList = 9A99151E2583E29100D15ABC /* Build configuration list for PBXNativeTarget "PresentationTests" */;
			buildPhases = (
				9A9915032583E29100D15ABC /* Sources */,
				9A9915042583E29100D15ABC /* Frameworks */,
				9A9915052583E29100D15ABC /* Resources */,
			);
			buildRules = (
			);
			dependencies = (
				9A9915092583E29100D15ABC /* PBXTargetDependency */,
			);
			name = PresentationTests;
			productName = PresentationTests;
			productReference = 9A9915072583E29100D15ABC /* PresentationTests.xctest */;
			productType = "com.apple.product-type.bundle.unit-test";
		};
		9A9915112583E29100D15ABC /* PresentationUITests */ = {
			isa = PBXNativeTarget;
			buildConfigurationList = 9A9915212583E29100D15ABC /* Build configuration list for PBXNativeTarget "PresentationUITests" */;
			buildPhases = (
				9A99150E2583E29100D15ABC /* Sources */,
				9A99150F2583E29100D15ABC /* Frameworks */,
				9A9915102583E29100D15ABC /* Resources */,
			);
			buildRules = (
			);
			dependencies = (
				9A9915142583E29100D15ABC /* PBXTargetDependency */,
			);
			name = PresentationUITests;
			productName = PresentationUITests;
			productReference = 9A9915122583E29100D15ABC /* PresentationUITests.xctest */;
			productType = "com.apple.product-type.bundle.ui-testing";
		};
/* End PBXNativeTarget section */

/* Begin PBXProject section */
		9A9914E92583E28D00D15ABC /* Project object */ = {
			isa = PBXProject;
			attributes = {
				LastSwiftUpdateCheck = 1220;
				LastUpgradeCheck = 1220;
				TargetAttributes = {
					9A9914F02583E28E00D15ABC = {
						CreatedOnToolsVersion = 12.2;
					};
					9A9915062583E29100D15ABC = {
						CreatedOnToolsVersion = 12.2;
						TestTargetID = 9A9914F02583E28E00D15ABC;
					};
					9A9915112583E29100D15ABC = {
						CreatedOnToolsVersion = 12.2;
						TestTargetID = 9A9914F02583E28E00D15ABC;
					};
				};
			};
			buildConfigurationList = 9A9914EC2583E28D00D15ABC /* Build configuration list for PBXProject "Presentation" */;
			compatibilityVersion = "Xcode 9.3";
			developmentRegion = en;
			hasScannedForEncodings = 0;
			knownRegions = (
				en,
				Base,
			);
			mainGroup = 9A9914E82583E28D00D15ABC;
			productRefGroup = 9A9914F22583E28E00D15ABC /* Products */;
			projectDirPath = "";
			projectRoot = "";
			targets = (
				9A9914F02583E28E00D15ABC /* Presentation */,
				9A9915062583E29100D15ABC /* PresentationTests */,
				9A9915112583E29100D15ABC /* PresentationUITests */,
			);
		};
/* End PBXProject section */

/* Begin PBXResourcesBuildPhase section */
		9A9914EF2583E28E00D15ABC /* Resources */ = {
			isa = PBXResourcesBuildPhase;
			buildActionMask = 2147483647;
			files = (
				9A9915012583E29100D15ABC /* LaunchScreen.storyboard in Resources */,
				9A9914FE2583E29100D15ABC /* Assets.xcassets in Resources */,
				9A9914FC2583E28E00D15ABC /* Main.storyboard in Resources */,
			);
			runOnlyForDeploymentPostprocessing = 0;
		};
		9A9915052583E29100D15ABC /* Resources */ = {
			isa = PBXResourcesBuildPhase;
			buildActionMask = 2147483647;
			files = (
			);
			runOnlyForDeploymentPostprocessing = 0;
		};
		9A9915102583E29100D15ABC /* Resources */ = {
			isa = PBXResourcesBuildPhase;
			buildActionMask = 2147483647;
			files = (
			);
			runOnlyForDeploymentPostprocessing = 0;
		};
/* End PBXResourcesBuildPhase section */

/* Begin PBXSourcesBuildPhase section */
		9A9914ED2583E28E00D15ABC /* Sources */ = {
			isa = PBXSourcesBuildPhase;
			buildActionMask = 2147483647;
			files = (
				9A9914F92583E28E00D15ABC /* ViewController.swift in Sources */,
				9A9914F52583E28E00D15ABC /* AppDelegate.swift in Sources */,
				9A9914F72583E28E00D15ABC /* SceneDelegate.swift in Sources */,
			);
			runOnlyForDeploymentPostprocessing = 0;
		};
		9A9915032583E29100D15ABC /* Sources */ = {
			isa = PBXSourcesBuildPhase;
			buildActionMask = 2147483647;
			files = (
				9A99150C2583E29100D15ABC /* PresentationTests.swift in Sources */,
			);
			runOnlyForDeploymentPostprocessing = 0;
		};
		9A99150E2583E29100D15ABC /* Sources */ = {
			isa = PBXSourcesBuildPhase;
			buildActionMask = 2147483647;
			files = (
				9A9915172583E29100D15ABC /* PresentationUITests.swift in Sources */,
			);
			runOnlyForDeploymentPostprocessing = 0;
		};
/* End PBXSourcesBuildPhase section */

/* Begin PBXTargetDependency section */
		9A9915092583E29100D15ABC /* PBXTargetDependency */ = {
			isa = PBXTargetDependency;
			target = 9A9914F02583E28E00D15ABC /* Presentation */;
			targetProxy = 9A9915082583E29100D15ABC /* PBXContainerItemProxy */;
		};
		9A9915142583E29100D15ABC /* PBXTargetDependency */ = {
			isa = PBXTargetDependency;
			target = 9A9914F02583E28E00D15ABC /* Presentation */;
			targetProxy = 9A9915132583E29100D15ABC /* PBXContainerItemProxy */;
		};
/* End PBXTargetDependency section */

/* Begin PBXVariantGroup section */
		9A9914FA2583E28E00D15ABC /* Main.storyboard */ = {
			isa = PBXVariantGroup;
			children = (
				9A9914FB2583E28E00D15ABC /* Base */,
			);
			name = Main.storyboard;
			sourceTree = "<group>";
		};
		9A9914FF2583E29100D15ABC /* LaunchScreen.storyboard */ = {
			isa = PBXVariantGroup;
			children = (
				9A9915002583E29100D15ABC /* Base */,
			);
			name = LaunchScreen.storyboard;
			sourceTree = "<group>";
		};
/* End PBXVariantGroup section */

/* Begin XCBuildConfiguration section */
		9A9915192583E29100D15ABC /* Debug */ = {
			isa = XCBuildConfiguration;
			buildSettings = {
				ALWAYS_SEARCH_USER_PATHS = NO;
				CLANG_ANALYZER_NONNULL = YES;
				CLANG_ANALYZER_NUMBER_OBJECT_CONVERSION = YES_AGGRESSIVE;
				CLANG_CXX_LANGUAGE_STANDARD = "gnu++14";
				CLANG_CXX_LIBRARY = "libc++";
				CLANG_ENABLE_MODULES = YES;
				CLANG_ENABLE_OBJC_ARC = YES;
				CLANG_ENABLE_OBJC_WEAK = YES;
				CLANG_WARN_BLOCK_CAPTURE_AUTORELEASING = YES;
				CLANG_WARN_BOOL_CONVERSION = YES;
				CLANG_WARN_COMMA = YES;
				CLANG_WARN_CONSTANT_CONVERSION = YES;
				CLANG_WARN_DEPRECATED_OBJC_IMPLEMENTATIONS = YES;
				CLANG_WARN_DIRECT_OBJC_ISA_USAGE = YES_ERROR;
				CLANG_WARN_DOCUMENTATION_COMMENTS = YES;
				CLANG_WARN_EMPTY_BODY = YES;
				CLANG_WARN_ENUM_CONVERSION = YES;
				CLANG_WARN_INFINITE_RECURSION = YES;
				CLANG_WARN_INT_CONVERSION = YES;
				CLANG_WARN_NON_LITERAL_NULL_CONVERSION = YES;
				CLANG_WARN_OBJC_IMPLICIT_RETAIN_SELF = YES;
				CLANG_WARN_OBJC_LITERAL_CONVERSION = YES;
				CLANG_WARN_OBJC_ROOT_CLASS = YES_ERROR;
				CLANG_WARN_QUOTED_INCLUDE_IN_FRAMEWORK_HEADER = YES;
				CLANG_WARN_RANGE_LOOP_ANALYSIS = YES;
				CLANG_WARN_STRICT_PROTOTYPES = YES;
				CLANG_WARN_SUSPICIOUS_MOVE = YES;
				CLANG_WARN_UNGUARDED_AVAILABILITY = YES_AGGRESSIVE;
				CLANG_WARN_UNREACHABLE_CODE = YES;
				CLANG_WARN__DUPLICATE_METHOD_MATCH = YES;
				COPY_PHASE_STRIP = NO;
				DEBUG_INFORMATION_FORMAT = dwarf;
				ENABLE_STRICT_OBJC_MSGSEND = YES;
				ENABLE_TESTABILITY = YES;
				GCC_C_LANGUAGE_STANDARD = gnu11;
				GCC_DYNAMIC_NO_PIC = NO;
				GCC_NO_COMMON_BLOCKS = YES;
				GCC_OPTIMIZATION_LEVEL = 0;
				GCC_PREPROCESSOR_DEFINITIONS = (
					"DEBUG=1",
					"$(inherited)",
				);
				GCC_WARN_64_TO_32_BIT_CONVERSION = YES;
				GCC_WARN_ABOUT_RETURN_TYPE = YES_ERROR;
				GCC_WARN_UNDECLARED_SELECTOR = YES;
				GCC_WARN_UNINITIALIZED_AUTOS = YES_AGGRESSIVE;
				GCC_WARN_UNUSED_FUNCTION = YES;
				GCC_WARN_UNUSED_VARIABLE = YES;
				IPHONEOS_DEPLOYMENT_TARGET = 14.2;
				MTL_ENABLE_DEBUG_INFO = INCLUDE_SOURCE;
				MTL_FAST_MATH = YES;
				ONLY_ACTIVE_ARCH = YES;
				SDKROOT = iphoneos;
				SWIFT_ACTIVE_COMPILATION_CONDITIONS = DEBUG;
				SWIFT_OPTIMIZATION_LEVEL = "-Onone";
			};
			name = Debug;
		};
		9A99151A2583E29100D15ABC /* Release */ = {
			isa = XCBuildConfiguration;
			buildSettings = {
				ALWAYS_SEARCH_USER_PATHS = NO;
				CLANG_ANALYZER_NONNULL = YES;
				CLANG_ANALYZER_NUMBER_OBJECT_CONVERSION = YES_AGGRESSIVE;
				CLANG_CXX_LANGUAGE_STANDARD = "gnu++14";
				CLANG_CXX_LIBRARY = "libc++";
				CLANG_ENABLE_MODULES = YES;
				CLANG_ENABLE_OBJC_ARC = YES;
				CLANG_ENABLE_OBJC_WEAK = YES;
				CLANG_WARN_BLOCK_CAPTURE_AUTORELEASING = YES;
				CLANG_WARN_BOOL_CONVERSION = YES;
				CLANG_WARN_COMMA = YES;
				CLANG_WARN_CONSTANT_CONVERSION = YES;
				CLANG_WARN_DEPRECATED_OBJC_IMPLEMENTATIONS = YES;
				CLANG_WARN_DIRECT_OBJC_ISA_USAGE = YES_ERROR;
				CLANG_WARN_DOCUMENTATION_COMMENTS = YES;
				CLANG_WARN_EMPTY_BODY = YES;
				CLANG_WARN_ENUM_CONVERSION = YES;
				CLANG_WARN_INFINITE_RECURSION = YES;
				CLANG_WARN_INT_CONVERSION = YES;
				CLANG_WARN_NON_LITERAL_NULL_CONVERSION = YES;
				CLANG_WARN_OBJC_IMPLICIT_RETAIN_SELF = YES;
				CLANG_WARN_OBJC_LITERAL_CONVERSION = YES;
				CLANG_WARN_OBJC_ROOT_CLASS = YES_ERROR;
				CLANG_WARN_QUOTED_INCLUDE_IN_FRAMEWORK_HEADER = YES;
				CLANG_WARN_RANGE_LOOP_ANALYSIS = YES;
				CLANG_WARN_STRICT_PROTOTYPES = YES;
				CLANG_WARN_SUSPICIOUS_MOVE = YES;
				CLANG_WARN_UNGUARDED_AVAILABILITY = YES_AGGRESSIVE;
				CLANG_WARN_UNREACHABLE_CODE = YES;
				CLANG_WARN__DUPLICATE_METHOD_MATCH = YES;
				COPY_PHASE_STRIP = NO;
				DEBUG_INFORMATION_FORMAT = "dwarf-with-dsym";
				ENABLE_NS_ASSERTIONS = NO;
				ENABLE_STRICT_OBJC_MSGSEND = YES;
				GCC_C_LANGUAGE_STANDARD = gnu11;
				GCC_NO_COMMON_BLOCKS = YES;
				GCC_WARN_64_TO_32_BIT_CONVERSION = YES;
				GCC_WARN_ABOUT_RETURN_TYPE = YES_ERROR;
				GCC_WARN_UNDECLARED_SELECTOR = YES;
				GCC_WARN_UNINITIALIZED_AUTOS = YES_AGGRESSIVE;
				GCC_WARN_UNUSED_FUNCTION = YES;
				GCC_WARN_UNUSED_VARIABLE = YES;
				IPHONEOS_DEPLOYMENT_TARGET = 14.2;
				MTL_ENABLE_DEBUG_INFO = NO;
				MTL_FAST_MATH = YES;
				SDKROOT = iphoneos;
				SWIFT_COMPILATION_MODE = wholemodule;
				SWIFT_OPTIMIZATION_LEVEL = "-O";
				VALIDATE_PRODUCT = YES;
			};
			name = Release;
		};
		9A99151C2583E29100D15ABC /* Debug */ = {
			isa = XCBuildConfiguration;
			buildSettings = {
				ASSETCATALOG_COMPILER_APPICON_NAME = AppIcon;
				ASSETCATALOG_COMPILER_GLOBAL_ACCENT_COLOR_NAME = AccentColor;
				CODE_SIGN_STYLE = Automatic;
				DEVELOPMENT_TEAM = 3Z7BVZA83R;
				INFOPLIST_FILE = Presentation/Info.plist;
				LD_RUNPATH_SEARCH_PATHS = (
					"$(inherited)",
					"@executable_path/Frameworks",
				);
				PRODUCT_BUNDLE_IDENTIFIER = MattDevs.Presentation;
				PRODUCT_NAME = "$(TARGET_NAME)";
				SWIFT_VERSION = 5.0;
				TARGETED_DEVICE_FAMILY = "1,2";
			};
			name = Debug;
		};
		9A99151D2583E29100D15ABC /* Release */ = {
			isa = XCBuildConfiguration;
			buildSettings = {
				ASSETCATALOG_COMPILER_APPICON_NAME = AppIcon;
				ASSETCATALOG_COMPILER_GLOBAL_ACCENT_COLOR_NAME = AccentColor;
				CODE_SIGN_STYLE = Automatic;
				DEVELOPMENT_TEAM = 3Z7BVZA83R;
				INFOPLIST_FILE = Presentation/Info.plist;
				LD_RUNPATH_SEARCH_PATHS = (
					"$(inherited)",
					"@executable_path/Frameworks",
				);
				PRODUCT_BUNDLE_IDENTIFIER = MattDevs.Presentation;
				PRODUCT_NAME = "$(TARGET_NAME)";
				SWIFT_VERSION = 5.0;
				TARGETED_DEVICE_FAMILY = "1,2";
			};
			name = Release;
		};
		9A99151F2583E29100D15ABC /* Debug */ = {
			isa = XCBuildConfiguration;
			buildSettings = {
				ALWAYS_EMBED_SWIFT_STANDARD_LIBRARIES = YES;
				BUNDLE_LOADER = "$(TEST_HOST)";
				CODE_SIGN_STYLE = Automatic;
				DEVELOPMENT_TEAM = 3Z7BVZA83R;
				INFOPLIST_FILE = PresentationTests/Info.plist;
				IPHONEOS_DEPLOYMENT_TARGET = 14.2;
				LD_RUNPATH_SEARCH_PATHS = (
					"$(inherited)",
					"@executable_path/Frameworks",
					"@loader_path/Frameworks",
				);
				PRODUCT_BUNDLE_IDENTIFIER = MattDevs.PresentationTests;
				PRODUCT_NAME = "$(TARGET_NAME)";
				SWIFT_VERSION = 5.0;
				TARGETED_DEVICE_FAMILY = "1,2";
				TEST_HOST = "$(BUILT_PRODUCTS_DIR)/Presentation.app/Presentation";
			};
			name = Debug;
		};
		9A9915202583E29100D15ABC /* Release */ = {
			isa = XCBuildConfiguration;
			buildSettings = {
				ALWAYS_EMBED_SWIFT_STANDARD_LIBRARIES = YES;
				BUNDLE_LOADER = "$(TEST_HOST)";
				CODE_SIGN_STYLE = Automatic;
				DEVELOPMENT_TEAM = 3Z7BVZA83R;
				INFOPLIST_FILE = PresentationTests/Info.plist;
				IPHONEOS_DEPLOYMENT_TARGET = 14.2;
				LD_RUNPATH_SEARCH_PATHS = (
					"$(inherited)",
					"@executable_path/Frameworks",
					"@loader_path/Frameworks",
				);
				PRODUCT_BUNDLE_IDENTIFIER = MattDevs.PresentationTests;
				PRODUCT_NAME = "$(TARGET_NAME)";
				SWIFT_VERSION = 5.0;
				TARGETED_DEVICE_FAMILY = "1,2";
				TEST_HOST = "$(BUILT_PRODUCTS_DIR)/Presentation.app/Presentation";
			};
			name = Release;
		};
		9A9915222583E29100D15ABC /* Debug */ = {
			isa = XCBuildConfiguration;
			buildSettings = {
				ALWAYS_EMBED_SWIFT_STANDARD_LIBRARIES = YES;
				CODE_SIGN_STYLE = Automatic;
				DEVELOPMENT_TEAM = 3Z7BVZA83R;
				INFOPLIST_FILE = PresentationUITests/Info.plist;
				LD_RUNPATH_SEARCH_PATHS = (
					"$(inherited)",
					"@executable_path/Frameworks",
					"@loader_path/Frameworks",
				);
				PRODUCT_BUNDLE_IDENTIFIER = MattDevs.PresentationUITests;
				PRODUCT_NAME = "$(TARGET_NAME)";
				SWIFT_VERSION = 5.0;
				TARGETED_DEVICE_FAMILY = "1,2";
				TEST_TARGET_NAME = Presentation;
			};
			name = Debug;
		};
		9A9915232583E29100D15ABC /* Release */ = {
			isa = XCBuildConfiguration;
			buildSettings = {
				ALWAYS_EMBED_SWIFT_STANDARD_LIBRARIES = YES;
				CODE_SIGN_STYLE = Automatic;
				DEVELOPMENT_TEAM = 3Z7BVZA83R;
				INFOPLIST_FILE = PresentationUITests/Info.plist;
				LD_RUNPATH_SEARCH_PATHS = (
					"$(inherited)",
					"@executable_path/Frameworks",
					"@loader_path/Frameworks",
				);
				PRODUCT_BUNDLE_IDENTIFIER = MattDevs.PresentationUITests;
				PRODUCT_NAME = "$(TARGET_NAME)";
				SWIFT_VERSION = 5.0;
				TARGETED_DEVICE_FAMILY = "1,2";
				TEST_TARGET_NAME = Presentation;
			};
			name = Release;
		};
/* End XCBuildConfiguration section */

/* Begin XCConfigurationList section */
		9A9914EC2583E28D00D15ABC /* Build configuration list for PBXProject "Presentation" */ = {
			isa = XCConfigurationList;
			buildConfigurations = (
				9A9915192583E29100D15ABC /* Debug */,
				9A99151A2583E29100D15ABC /* Release */,
			);
			defaultConfigurationIsVisible = 0;
			defaultConfigurationName = Release;
		};
		9A99151B2583E29100D15ABC /* Build configuration list for PBXNativeTarget "Presentation" */ = {
			isa = XCConfigurationList;
			buildConfigurations = (
				9A99151C2583E29100D15ABC /* Debug */,
				9A99151D2583E29100D15ABC /* Release */,
			);
			defaultConfigurationIsVisible = 0;
			defaultConfigurationName = Release;
		};
		9A99151E2583E29100D15ABC /* Build configuration list for PBXNativeTarget "PresentationTests" */ = {
			isa = XCConfigurationList;
			buildConfigurations = (
				9A99151F2583E29100D15ABC /* Debug */,
				9A9915202583E29100D15ABC /* Release */,
			);
			defaultConfigurationIsVisible = 0;
			defaultConfigurationName = Release;
		};
		9A9915212583E29100D15ABC /* Build configuration list for PBXNativeTarget "PresentationUITests" */ = {
			isa = XCConfigurationList;
			buildConfigurations = (
				9A9915222583E29100D15ABC /* Debug */,
				9A9915232583E29100D15ABC /* Release */,
			);
			defaultConfigurationIsVisible = 0;
			defaultConfigurationName = Release;
		};
/* End XCConfigurationList section */
	};
	rootObject = 9A9914E92583E28D00D15ABC /* Project object */;
}
